DEPENDENCIES
  openstack-common
    path: .
    metadata: true
  test-openstack-common-database
    path: spec/cookbooks/test-openstack-common-database

GRAPH
  apt (5.1.0)
    compat_resource (>= 12.16.3)
  build-essential (8.1.1)
    mingw (>= 1.1)
    seven_zip (>= 0.0.0)
  compat_resource (12.19.1)
  database (6.1.1)
    postgresql (>= 1.0.0)
  inifile_chef_gem (0.1.0)
    build-essential (>= 0.0.0)
  mariadb (1.5.3)
    apt (>= 0.0.0)
    build-essential (>= 0.0.0)
    selinux_policy (~> 2.0)
    yum (>= 0.0.0)
    yum-epel (>= 0.0.0)
    yum-scl (>= 0.0.0)
  mingw (2.0.2)
    seven_zip (>= 0.0.0)
  mysql (8.5.1)
  openssl (8.1.2)
  openstack-common (15.1.1)
    apt (~> 5.0)
    database (~> 6.1)
    mariadb (~> 1.5)
    mysql (~> 8.2)
    poise-python (~> 1.7)
    yum (~> 3.13)
    yum-epel (~> 2.0)
  poise (2.8.1)
  poise-archive (1.5.0)
    poise (~> 2.6)
  poise-languages (2.1.2)
    poise (~> 2.5)
    poise-archive (~> 1.0)
  poise-python (1.7.0)
    poise (~> 2.7)
    poise-languages (~> 2.0)
  postgresql (6.1.4)
    build-essential (>= 2.0.0)
    compat_resource (>= 12.16.3)
    openssl (>= 4.0)
  selinux_policy (2.1.0)
  seven_zip (2.0.2)
    windows (>= 1.2.2)
  test-openstack-common-database (1.0.0)
    openstack-common (>= 0.0.0)
  windows (4.2.2)
  yum (3.13.0)
  yum-epel (2.1.2)
    compat_resource (>= 12.16.3)
  yum-scl (0.2.0)
    inifile_chef_gem (>= 0.0.0)
    yum (>= 0.0.0)
